// !$*UTF8*$!
{
	archiveVersion = 1;
	classes = {
	};
	objectVersion = 46;
	objects = {

/* Begin PBXBuildFile section */
		65915BE21B2A1E7400CB615F /* AppDelegate.swift in Sources */ = {isa = PBXBuildFile; fileRef = 65915BE11B2A1E7400CB615F /* AppDelegate.swift */; };
		65915BE51B2A1E7400CB615F /* iOS_Challenge.xcdatamodeld in Sources */ = {isa = PBXBuildFile; fileRef = 65915BE31B2A1E7400CB615F /* iOS_Challenge.xcdatamodeld */; };
		65915BE71B2A1E7400CB615F /* MasterViewController.swift in Sources */ = {isa = PBXBuildFile; fileRef = 65915BE61B2A1E7400CB615F /* MasterViewController.swift */; };
		65915BE91B2A1E7400CB615F /* DetailViewController.swift in Sources */ = {isa = PBXBuildFile; fileRef = 65915BE81B2A1E7400CB615F /* DetailViewController.swift */; };
		65915BEC1B2A1E7400CB615F /* Main.storyboard in Resources */ = {isa = PBXBuildFile; fileRef = 65915BEA1B2A1E7400CB615F /* Main.storyboard */; };
		65915BEE1B2A1E7400CB615F /* Images.xcassets in Resources */ = {isa = PBXBuildFile; fileRef = 65915BED1B2A1E7400CB615F /* Images.xcassets */; };
		65915BF11B2A1E7400CB615F /* LaunchScreen.xib in Resources */ = {isa = PBXBuildFile; fileRef = 65915BEF1B2A1E7400CB615F /* LaunchScreen.xib */; };
		65915BFD1B2A1E7400CB615F /* iOS_ChallengeTests.swift in Sources */ = {isa = PBXBuildFile; fileRef = 65915BFC1B2A1E7400CB615F /* iOS_ChallengeTests.swift */; };
/* End PBXBuildFile section */

/* Begin PBXContainerItemProxy section */
		65915BF71B2A1E7400CB615F /* PBXContainerItemProxy */ = {
			isa = PBXContainerItemProxy;
			containerPortal = 65915BD41B2A1E7400CB615F /* Project object */;
			proxyType = 1;
			remoteGlobalIDString = 65915BDB1B2A1E7400CB615F;
			remoteInfo = "iOS Challenge";
		};
/* End PBXContainerItemProxy section */

/* Begin PBXFileReference section */
		65915BDC1B2A1E7400CB615F /* iOS Challenge.app */ = {isa = PBXFileReference; explicitFileType = wrapper.application; includeInIndex = 0; path = "iOS Challenge.app"; sourceTree = BUILT_PRODUCTS_DIR; };
		65915BE01B2A1E7400CB615F /* Info.plist */ = {isa = PBXFileReference; lastKnownFileType = text.plist.xml; path = Info.plist; sourceTree = "<group>"; };
		65915BE11B2A1E7400CB615F /* AppDelegate.swift */ = {isa = PBXFileReference; lastKnownFileType = sourcecode.swift; path = AppDelegate.swift; sourceTree = "<group>"; };
		65915BE41B2A1E7400CB615F /* iOS_Challenge.xcdatamodel */ = {isa = PBXFileReference; lastKnownFileType = wrapper.xcdatamodel; path = iOS_Challenge.xcdatamodel; sourceTree = "<group>"; };
		65915BE61B2A1E7400CB615F /* MasterViewController.swift */ = {isa = PBXFileReference; lastKnownFileType = sourcecode.swift; path = MasterViewController.swift; sourceTree = "<group>"; };
		65915BE81B2A1E7400CB615F /* DetailViewController.swift */ = {isa = PBXFileReference; lastKnownFileType = sourcecode.swift; path = DetailViewController.swift; sourceTree = "<group>"; };
		65915BEB1B2A1E7400CB615F /* Base */ = {isa = PBXFileReference; lastKnownFileType = file.storyboard; name = Base; path = Base.lproj/Main.storyboard; sourceTree = "<group>"; };
		65915BED1B2A1E7400CB615F /* Images.xcassets */ = {isa = PBXFileReference; lastKnownFileType = folder.assetcatalog; path = Images.xcassets; sourceTree = "<group>"; };
		65915BF01B2A1E7400CB615F /* Base */ = {isa = PBXFileReference; lastKnownFileType = file.xib; name = Base; path = Base.lproj/LaunchScreen.xib; sourceTree = "<group>"; };
		65915BF61B2A1E7400CB615F /* iOS ChallengeTests.xctest */ = {isa = PBXFileReference; explicitFileType = wrapper.cfbundle; includeInIndex = 0; path = "iOS ChallengeTests.xctest"; sourceTree = BUILT_PRODUCTS_DIR; };
		65915BFB1B2A1E7400CB615F /* Info.plist */ = {isa = PBXFileReference; lastKnownFileType = text.plist.xml; path = Info.plist; sourceTree = "<group>"; };
		65915BFC1B2A1E7400CB615F /* iOS_ChallengeTests.swift */ = {isa = PBXFileReference; lastKnownFileType = sourcecode.swift; path = iOS_ChallengeTests.swift; sourceTree = "<group>"; };
/* End PBXFileReference section */

/* Begin PBXFrameworksBuildPhase section */
		65915BD91B2A1E7400CB615F /* Frameworks */ = {
			isa = PBXFrameworksBuildPhase;
			buildActionMask = 2147483647;
			files = (
			);
			runOnlyForDeploymentPostprocessing = 0;
		};
		65915BF31B2A1E7400CB615F /* Frameworks */ = {
			isa = PBXFrameworksBuildPhase;
			buildActionMask = 2147483647;
			files = (
			);
			runOnlyForDeploymentPostprocessing = 0;
		};
/* End PBXFrameworksBuildPhase section */

/* Begin PBXGroup section */
		65915BD31B2A1E7400CB615F = {
			isa = PBXGroup;
			children = (
				65915BDE1B2A1E7400CB615F /* iOS Challenge */,
				65915BF91B2A1E7400CB615F /* iOS ChallengeTests */,
				65915BDD1B2A1E7400CB615F /* Products */,
			);
			sourceTree = "<group>";
		};
		65915BDD1B2A1E7400CB615F /* Products */ = {
			isa = PBXGroup;
			children = (
				65915BDC1B2A1E7400CB615F /* iOS Challenge.app */,
				65915BF61B2A1E7400CB615F /* iOS ChallengeTests.xctest */,
			);
			name = Products;
			sourceTree = "<group>";
		};
		65915BDE1B2A1E7400CB615F /* iOS Challenge */ = {
			isa = PBXGroup;
			children = (
				65915BE11B2A1E7400CB615F /* AppDelegate.swift */,
				65915BE61B2A1E7400CB615F /* MasterViewController.swift */,
				65915BE81B2A1E7400CB615F /* DetailViewController.swift */,
				65915BEA1B2A1E7400CB615F /* Main.storyboard */,
				65915BED1B2A1E7400CB615F /* Images.xcassets */,
				65915BEF1B2A1E7400CB615F /* LaunchScreen.xib */,
				65915BE31B2A1E7400CB615F /* iOS_Challenge.xcdatamodeld */,
				65915BDF1B2A1E7400CB615F /* Supporting Files */,
			);
			path = "iOS Challenge";
			sourceTree = "<group>";
		};
		65915BDF1B2A1E7400CB615F /* Supporting Files */ = {
			isa = PBXGroup;
			children = (
				65915BE01B2A1E7400CB615F /* Info.plist */,
			);
			name = "Supporting Files";
			sourceTree = "<group>";
		};
		65915BF91B2A1E7400CB615F /* iOS ChallengeTests */ = {
			isa = PBXGroup;
			children = (
				65915BFC1B2A1E7400CB615F /* iOS_ChallengeTests.swift */,
				65915BFA1B2A1E7400CB615F /* Supporting Files */,
			);
			path = "iOS ChallengeTests";
			sourceTree = "<group>";
		};
		65915BFA1B2A1E7400CB615F /* Supporting Files */ = {
			isa = PBXGroup;
			children = (
				65915BFB1B2A1E7400CB615F /* Info.plist */,
			);
			name = "Supporting Files";
			sourceTree = "<group>";
		};
/* End PBXGroup section */

/* Begin PBXNativeTarget section */
		65915BDB1B2A1E7400CB615F /* iOS Challenge */ = {
			isa = PBXNativeTarget;
			buildConfigurationList = 65915C001B2A1E7400CB615F /* Build configuration list for PBXNativeTarget "iOS Challenge" */;
			buildPhases = (
				65915BD81B2A1E7400CB615F /* Sources */,
				65915BD91B2A1E7400CB615F /* Frameworks */,
				65915BDA1B2A1E7400CB615F /* Resources */,
			);
			buildRules = (
			);
			dependencies = (
			);
			name = "iOS Challenge";
			productName = "iOS Challenge";
			productReference = 65915BDC1B2A1E7400CB615F /* iOS Challenge.app */;
			productType = "com.apple.product-type.application";
		};
		65915BF51B2A1E7400CB615F /* iOS ChallengeTests */ = {
			isa = PBXNativeTarget;
			buildConfigurationList = 65915C031B2A1E7400CB615F /* Build configuration list for PBXNativeTarget "iOS ChallengeTests" */;
			buildPhases = (
				65915BF21B2A1E7400CB615F /* Sources */,
				65915BF31B2A1E7400CB615F /* Frameworks */,
				65915BF41B2A1E7400CB615F /* Resources */,
			);
			buildRules = (
			);
			dependencies = (
				65915BF81B2A1E7400CB615F /* PBXTargetDependency */,
			);
			name = "iOS ChallengeTests";
			productName = "iOS ChallengeTests";
			productReference = 65915BF61B2A1E7400CB615F /* iOS ChallengeTests.xctest */;
			productType = "com.apple.product-type.bundle.unit-test";
		};
/* End PBXNativeTarget section */

/* Begin PBXProject section */
		65915BD41B2A1E7400CB615F /* Project object */ = {
			isa = PBXProject;
			attributes = {
				LastUpgradeCheck = 0630;
				ORGANIZATIONNAME = "iOS Daniel";
				TargetAttributes = {
					65915BDB1B2A1E7400CB615F = {
						CreatedOnToolsVersion = 6.3.2;
					};
					65915BF51B2A1E7400CB615F = {
						CreatedOnToolsVersion = 6.3.2;
						TestTargetID = 65915BDB1B2A1E7400CB615F;
					};
				};
			};
			buildConfigurationList = 65915BD71B2A1E7400CB615F /* Build configuration list for PBXProject "iOS Challenge" */;
			compatibilityVersion = "Xcode 3.2";
			developmentRegion = English;
			hasScannedForEncodings = 0;
			knownRegions = (
				en,
				Base,
			);
			mainGroup = 65915BD31B2A1E7400CB615F;
			productRefGroup = 65915BDD1B2A1E7400CB615F /* Products */;
			projectDirPath = "";
			projectRoot = "";
			targets = (
				65915BDB1B2A1E7400CB615F /* iOS Challenge */,
				65915BF51B2A1E7400CB615F /* iOS ChallengeTests */,
			);
		};
/* End PBXProject section */

/* Begin PBXResourcesBuildPhase section */
		65915BDA1B2A1E7400CB615F /* Resources */ = {
			isa = PBXResourcesBuildPhase;
			buildActionMask = 2147483647;
			files = (
				65915BEC1B2A1E7400CB615F /* Main.storyboard in Resources */,
				65915BF11B2A1E7400CB615F /* LaunchScreen.xib in Resources */,
				65915BEE1B2A1E7400CB615F /* Images.xcassets in Resources */,
			);
			runOnlyForDeploymentPostprocessing = 0;
		};
		65915BF41B2A1E7400CB615F /* Resources */ = {
			isa = PBXResourcesBuildPhase;
			buildActionMask = 2147483647;
			files = (
			);
			runOnlyForDeploymentPostprocessing = 0;
		};
/* End PBXResourcesBuildPhase section */

/* Begin PBXSourcesBuildPhase section */
		65915BD81B2A1E7400CB615F /* Sources */ = {
			isa = PBXSourcesBuildPhase;
			buildActionMask = 2147483647;
			files = (
				65915BE21B2A1E7400CB615F /* AppDelegate.swift in Sources */,
				65915BE51B2A1E7400CB615F /* iOS_Challenge.xcdatamodeld in Sources */,
				65915BE71B2A1E7400CB615F /* MasterViewController.swift in Sources */,
				65915BE91B2A1E7400CB615F /* DetailViewController.swift in Sources */,
			);
			runOnlyForDeploymentPostprocessing = 0;
		};
		65915BF21B2A1E7400CB615F /* Sources */ = {
			isa = PBXSourcesBuildPhase;
			buildActionMask = 2147483647;
			files = (
				65915BFD1B2A1E7400CB615F /* iOS_ChallengeTests.swift in Sources */,
			);
			runOnlyForDeploymentPostprocessing = 0;
		};
/* End PBXSourcesBuildPhase section */

/* Begin PBXTargetDependency section */
		65915BF81B2A1E7400CB615F /* PBXTargetDependency */ = {
			isa = PBXTargetDependency;
			target = 65915BDB1B2A1E7400CB615F /* iOS Challenge */;
			targetProxy = 65915BF71B2A1E7400CB615F /* PBXContainerItemProxy */;
		};
/* End PBXTargetDependency section */

/* Begin PBXVariantGroup section */
		65915BEA1B2A1E7400CB615F /* Main.storyboard */ = {
			isa = PBXVariantGroup;
			children = (
				65915BEB1B2A1E7400CB615F /* Base */,
			);
			name = Main.storyboard;
			sourceTree = "<group>";
		};
		65915BEF1B2A1E7400CB615F /* LaunchScreen.xib */ = {
			isa = PBXVariantGroup;
			children = (
				65915BF01B2A1E7400CB615F /* Base */,
			);
			name = LaunchScreen.xib;
			sourceTree = "<group>";
		};
/* End PBXVariantGroup section */

/* Begin XCBuildConfiguration section */
		65915BFE1B2A1E7400CB615F /* Debug */ = {
			isa = XCBuildConfiguration;
			buildSettings = {
				ALWAYS_SEARCH_USER_PATHS = NO;
				CLANG_CXX_LANGUAGE_STANDARD = "gnu++0x";
				CLANG_CXX_LIBRARY = "libc++";
				CLANG_ENABLE_MODULES = YES;
				CLANG_ENABLE_OBJC_ARC = YES;
				CLANG_WARN_BOOL_CONVERSION = YES;
				CLANG_WARN_CONSTANT_CONVERSION = YES;
				CLANG_WARN_DIRECT_OBJC_ISA_USAGE = YES_ERROR;
				CLANG_WARN_EMPTY_BODY = YES;
				CLANG_WARN_ENUM_CONVERSION = YES;
				CLANG_WARN_INT_CONVERSION = YES;
				CLANG_WARN_OBJC_ROOT_CLASS = YES_ERROR;
				CLANG_WARN_UNREACHABLE_CODE = YES;
				CLANG_WARN__DUPLICATE_METHOD_MATCH = YES;
				"CODE_SIGN_IDENTITY[sdk=iphoneos*]" = "iPhone Developer";
				COPY_PHASE_STRIP = NO;
				DEBUG_INFORMATION_FORMAT = "dwarf-with-dsym";
				ENABLE_STRICT_OBJC_MSGSEND = YES;
				GCC_C_LANGUAGE_STANDARD = gnu99;
				GCC_DYNAMIC_NO_PIC = NO;
				GCC_NO_COMMON_BLOCKS = YES;
				GCC_OPTIMIZATION_LEVEL = 0;
				GCC_PREPROCESSOR_DEFINITIONS = (
					"DEBUG=1",
					"$(inherited)",
				);
				GCC_SYMBOLS_PRIVATE_EXTERN = NO;
				GCC_WARN_64_TO_32_BIT_CONVERSION = YES;
				GCC_WARN_ABOUT_RETURN_TYPE = YES_ERROR;
				GCC_WARN_UNDECLARED_SELECTOR = YES;
				GCC_WARN_UNINITIALIZED_AUTOS = YES_AGGRESSIVE;
				GCC_WARN_UNUSED_FUNCTION = YES;
				GCC_WARN_UNUSED_VARIABLE = YES;
				IPHONEOS_DEPLOYMENT_TARGET = 8.3;
				MTL_ENABLE_DEBUG_INFO = YES;
				ONLY_ACTIVE_ARCH = YES;
				SDKROOT = iphoneos;
				SWIFT_OPTIMIZATION_LEVEL = "-Onone";
			};
			name = Debug;
		};
		65915BFF1B2A1E7400CB615F /* Release */ = {
			isa = XCBuildConfiguration;
			buildSettings = {
				ALWAYS_SEARCH_USER_PATHS = NO;
				CLANG_CXX_LANGUAGE_STANDARD = "gnu++0x";
				CLANG_CXX_LIBRARY = "libc++";
				CLANG_ENABLE_MODULES = YES;
				CLANG_ENABLE_OBJC_ARC = YES;
				CLANG_WARN_BOOL_CONVERSION = YES;
				CLANG_WARN_CONSTANT_CONVERSION = YES;
				CLANG_WARN_DIRECT_OBJC_ISA_USAGE = YES_ERROR;
				CLANG_WARN_EMPTY_BODY = YES;
				CLANG_WARN_ENUM_CONVERSION = YES;
				CLANG_WARN_INT_CONVERSION = YES;
				CLANG_WARN_OBJC_ROOT_CLASS = YES_ERROR;
				CLANG_WARN_UNREACHABLE_CODE = YES;
				CLANG_WARN__DUPLICATE_METHOD_MATCH = YES;
				"CODE_SIGN_IDENTITY[sdk=iphoneos*]" = "iPhone Developer";
				COPY_PHASE_STRIP = NO;
				DEBUG_INFORMATION_FORMAT = "dwarf-with-dsym";
				ENABLE_NS_ASSERTIONS = NO;
				ENABLE_STRICT_OBJC_MSGSEND = YES;
				GCC_C_LANGUAGE_STANDARD = gnu99;
				GCC_NO_COMMON_BLOCKS = YES;
				GCC_WARN_64_TO_32_BIT_CONVERSION = YES;
				GCC_WARN_ABOUT_RETURN_TYPE = YES_ERROR;
				GCC_WARN_UNDECLARED_SELECTOR = YES;
				GCC_WARN_UNINITIALIZED_AUTOS = YES_AGGRESSIVE;
				GCC_WARN_UNUSED_FUNCTION = YES;
				GCC_WARN_UNUSED_VARIABLE = YES;
				IPHONEOS_DEPLOYMENT_TARGET = 8.3;
				MTL_ENABLE_DEBUG_INFO = NO;
				SDKROOT = iphoneos;
				VALIDATE_PRODUCT = YES;
			};
			name = Release;
		};
		65915C011B2A1E7400CB615F /* Debug */ = {
			isa = XCBuildConfiguration;
			buildSettings = {
				ASSETCATALOG_COMPILER_APPICON_NAME = AppIcon;
				CODE_SIGN_IDENTITY = "iPhone Developer";
				INFOPLIST_FILE = "iOS Challenge/Info.plist";
				LD_RUNPATH_SEARCH_PATHS = "$(inherited) @executable_path/Frameworks";
				PRODUCT_NAME = "$(TARGET_NAME)";
				TARGETED_DEVICE_FAMILY = "1,2";
			};
			name = Debug;
		};
		65915C021B2A1E7400CB615F /* Release */ = {
			isa = XCBuildConfiguration;
			buildSettings = {
				ASSETCATALOG_COMPILER_APPICON_NAME = AppIcon;
				CODE_SIGN_IDENTITY = "iPhone Developer";
				INFOPLIST_FILE = "iOS Challenge/Info.plist";
				LD_RUNPATH_SEARCH_PATHS = "$(inherited) @executable_path/Frameworks";
				PRODUCT_NAME = "$(TARGET_NAME)";
				TARGETED_DEVICE_FAMILY = "1,2";
			};
			name = Release;
		};
		65915C041B2A1E7400CB615F /* Debug */ = {
			isa = XCBuildConfiguration;
			buildSettings = {
				BUNDLE_LOADER = "$(TEST_HOST)";
				FRAMEWORK_SEARCH_PATHS = (
					"$(SDKROOT)/Developer/Library/Frameworks",
					"$(inherited)",
				);
				GCC_PREPROCESSOR_DEFINITIONS = (
					"DEBUG=1",
					"$(inherited)",
				);
				INFOPLIST_FILE = "iOS ChallengeTests/Info.plist";
				LD_RUNPATH_SEARCH_PATHS = "$(inherited) @executable_path/Frameworks @loader_path/Frameworks";
				PRODUCT_NAME = "$(TARGET_NAME)";
				TEST_HOST = "$(BUILT_PRODUCTS_DIR)/iOS Challenge.app/iOS Challenge";
			};
			name = Debug;
		};
		65915C051B2A1E7400CB615F /* Release */ = {
			isa = XCBuildConfiguration;
			buildSettings = {
				BUNDLE_LOADER = "$(TEST_HOST)";
				FRAMEWORK_SEARCH_PATHS = (
					"$(SDKROOT)/Developer/Library/Frameworks",
					"$(inherited)",
				);
				INFOPLIST_FILE = "iOS ChallengeTests/Info.plist";
				LD_RUNPATH_SEARCH_PATHS = "$(inherited) @executable_path/Frameworks @loader_path/Frameworks";
				PRODUCT_NAME = "$(TARGET_NAME)";
				TEST_HOST = "$(BUILT_PRODUCTS_DIR)/iOS Challenge.app/iOS Challenge";
			};
			name = Release;
		};
/* End XCBuildConfiguration section */

/* Begin XCConfigurationList section */
		65915BD71B2A1E7400CB615F /* Build configuration list for PBXProject "iOS Challenge" */ = {
			isa = XCConfigurationList;
			buildConfigurations = (
				65915BFE1B2A1E7400CB615F /* Debug */,
				65915BFF1B2A1E7400CB615F /* Release */,
			);
			defaultConfigurationIsVisible = 0;
			defaultConfigurationName = Release;
		};
		65915C001B2A1E7400CB615F /* Build configuration list for PBXNativeTarget "iOS Challenge" */ = {
			isa = XCConfigurationList;
			buildConfigurations = (
				65915C011B2A1E7400CB615F /* Debug */,
				65915C021B2A1E7400CB615F /* Release */,
			);
			defaultConfigurationIsVisible = 0;
			defaultConfigurationName = Release;
		};
		65915C031B2A1E7400CB615F /* Build configuration list for PBXNativeTarget "iOS ChallengeTests" */ = {
			isa = XCConfigurationList;
			buildConfigurations = (
				65915C041B2A1E7400CB615F /* Debug */,
				65915C051B2A1E7400CB615F /* Release */,
			);
			defaultConfigurationIsVisible = 0;
			defaultConfigurationName = Release;
		};
/* End XCConfigurationList section */

/* Begin XCVersionGroup section */
		65915BE31B2A1E7400CB615F /* iOS_Challenge.xcdatamodeld */ = {
			isa = XCVersionGroup;
			children = (
				65915BE41B2A1E7400CB615F /* iOS_Challenge.xcdatamodel */,
			);
			currentVersion = 65915BE41B2A1E7400CB615F /* iOS_Challenge.xcdatamodel */;
			path = iOS_Challenge.xcdatamodeld;
			sourceTree = "<group>";
			versionGroupType = wrapper.xcdatamodel;
		};
/* End XCVersionGroup section */
	};
	rootObject = 65915BD41B2A1E7400CB615F /* Project object */;
}
